
Microsoft Visual Studio Solution File, Format Version 12.00
# Visual Studio 2013
VisualStudioVersion = 12.0.31101.0
MinimumVisualStudioVersion = 10.0.40219.1
Project("{FAE04EC0-301F-11D3-BF4B-00C04F79EFBC}") = "nmct.own.pagination.core", "nmct.own.pagination.core\nmct.own.pagination.core.csproj", "{92132E6B-496B-4C52-B793-301467C41690}"
EndProject
Project("{FAE04EC0-301F-11D3-BF4B-00C04F79EFBC}") = "nmct.own.pagination.test", "nmct.own.pagination.test\nmct.own.pagination.test.csproj", "{B06308FD-1070-4C77-8B3C-9D5D6EA7532A}"
EndProject
Global
	GlobalSection(SolutionConfigurationPlatforms) = preSolution
		Debug|Any CPU = Debug|Any CPU
		Release|Any CPU = Release|Any CPU
	EndGlobalSection
	GlobalSection(ProjectConfigurationPlatforms) = postSolution
		{92132E6B-496B-4C52-B793-301467C41690}.Debug|Any CPU.ActiveCfg = Debug|Any CPU
		{92132E6B-496B-4C52-B793-301467C41690}.Debug|Any CPU.Build.0 = Debug|Any CPU
		{92132E6B-496B-4C52-B793-301467C41690}.Release|Any CPU.ActiveCfg = Release|Any CPU
		{92132E6B-496B-4C52-B793-301467C41690}.Release|Any CPU.Build.0 = Release|Any CPU
		{B06308FD-1070-4C77-8B3C-9D5D6EA7532A}.Debug|Any CPU.ActiveCfg = Debug|Any CPU
		{B06308FD-1070-4C77-8B3C-9D5D6EA7532A}.Debug|Any CPU.Build.0 = Debug|Any CPU
		{B06308FD-1070-4C77-8B3C-9D5D6EA7532A}.Release|Any CPU.ActiveCfg = Release|Any CPU
		{B06308FD-1070-4C77-8B3C-9D5D6EA7532A}.Release|Any CPU.Build.0 = Release|Any CPU
	EndGlobalSection
	GlobalSection(SolutionProperties) = preSolution
		HideSolutionNode = FALSE
	EndGlobalSection
EndGlobal
